
Microsoft Visual Studio Solution File, Format Version 12.00
# Visual Studio 15
VisualStudioVersion = 15.0.28307.1259
MinimumVisualStudioVersion = 10.0.40219.1
Project("{FAE04EC0-301F-11D3-BF4B-00C04F79EFBC}") = "20220607_5_Ornek", "20220607_5_Ornek\20220607_5_Ornek.csproj", "{A6BAF40A-9DA4-4556-848B-DB1A069A9FFE}"
EndProject
Global
	GlobalSection(SolutionConfigurationPlatforms) = preSolution
		Debug|Any CPU = Debug|Any CPU
		Release|Any CPU = Release|Any CPU
	EndGlobalSection
	GlobalSection(ProjectConfigurationPlatforms) = postSolution
		{A6BAF40A-9DA4-4556-848B-DB1A069A9FFE}.Debug|Any CPU.ActiveCfg = Debug|Any CPU
		{A6BAF40A-9DA4-4556-848B-DB1A069A9FFE}.Debug|Any CPU.Build.0 = Debug|Any CPU
		{A6BAF40A-9DA4-4556-848B-DB1A069A9FFE}.Release|Any CPU.ActiveCfg = Release|Any CPU
		{A6BAF40A-9DA4-4556-848B-DB1A069A9FFE}.Release|Any CPU.Build.0 = Release|Any CPU
	EndGlobalSection
	GlobalSection(SolutionProperties) = preSolution
		HideSolutionNode = FALSE
	EndGlobalSection
	GlobalSection(ExtensibilityGlobals) = postSolution
		SolutionGuid = {B10F5161-563A-4BCF-8125-A96843AE07C6}
	EndGlobalSection
EndGlobal
